Microsoft Visual Studio Solution File, Format Version 10.00
# Visual Studio 2008
Project("{8BC9CEB8-8B4A-11D0-8D11-00A0C91BC942}") = "btree", "btree\btree_vc2008.vcproj", "{7BAB9FE5-4636-49BE-B19C-021FE42B0A67}"
	ProjectSection(ProjectDependencies) = postProject
		{B40213C2-507C-4C7F-A6E1-B850C9BDC27B} = {B40213C2-507C-4C7F-A6E1-B850C9BDC27B}
	EndProjectSection
EndProject
Project("{8BC9CEB8-8B4A-11D0-8D11-00A0C91BC942}") = "chunk_chain.cpp", "chunk_chain.cpp\chunk_chain.cpp_vc2008.vcproj", "{7A0A636F-1F1F-4BFA-B03F-8FEBC8526298}"
	ProjectSection(ProjectDependencies) = postProject
		{B40213C2-507C-4C7F-A6E1-B850C9BDC27B} = {B40213C2-507C-4C7F-A6E1-B850C9BDC27B}
	EndProjectSection
EndProject
Project("{8BC9CEB8-8B4A-11D0-8D11-00A0C91BC942}") = "configure", "configure\configure_vc2008.vcproj", "{DBA0DB07-3DF5-4D62-A1CA-221BF04BA466}"
	ProjectSection(ProjectDependencies) = postProject
		{B40213C2-507C-4C7F-A6E1-B850C9BDC27B} = {B40213C2-507C-4C7F-A6E1-B850C9BDC27B}
	EndProjectSection
EndProject
Project("{8BC9CEB8-8B4A-11D0-8D11-00A0C91BC942}") = "debug_malloc", "debug_malloc\debug_malloc_vc2008.vcproj", "{9360071D-2E0B-4562-A131-686C254288C1}"
	ProjectSection(ProjectDependencies) = postProject
		{B40213C2-507C-4C7F-A6E1-B850C9BDC27B} = {B40213C2-507C-4C7F-A6E1-B850C9BDC27B}
	EndProjectSection
EndProject
Project("{8BC9CEB8-8B4A-11D0-8D11-00A0C91BC942}") = "dlink", "dlink\dlink_vc2008.vcproj", "{B371C435-D136-49C9-A9F9-E26EA97E5F53}"
	ProjectSection(ProjectDependencies) = postProject
		{B40213C2-507C-4C7F-A6E1-B850C9BDC27B} = {B40213C2-507C-4C7F-A6E1-B850C9BDC27B}
	EndProjectSection
EndProject
Project("{8BC9CEB8-8B4A-11D0-8D11-00A0C91BC942}") = "fifo", "fifo\fifo_vc2008.vcproj", "{6E94E71F-C148-4992-A128-6E99DE193298}"
	ProjectSection(ProjectDependencies) = postProject
		{B40213C2-507C-4C7F-A6E1-B850C9BDC27B} = {B40213C2-507C-4C7F-A6E1-B850C9BDC27B}
	EndProjectSection
EndProject
Project("{8BC9CEB8-8B4A-11D0-8D11-00A0C91BC942}") = "FileDir", "FileDir\FileDir_vc2008.vcproj", "{016259D7-9F6F-486B-B3E3-A450C0ECDAE8}"
	ProjectSection(ProjectDependencies) = postProject
		{B40213C2-507C-4C7F-A6E1-B850C9BDC27B} = {B40213C2-507C-4C7F-A6E1-B850C9BDC27B}
	EndProjectSection
EndProject
Project("{8BC9CEB8-8B4A-11D0-8D11-00A0C91BC942}") = "flock", "flock\flock_vc2008.vcproj", "{611E748C-0812-412D-AED4-35F57471ABB9}"
	ProjectSection(ProjectDependencies) = postProject
		{B40213C2-507C-4C7F-A6E1-B850C9BDC27B} = {B40213C2-507C-4C7F-A6E1-B850C9BDC27B}
	EndProjectSection
EndProject
Project("{8BC9CEB8-8B4A-11D0-8D11-00A0C91BC942}") = "http_client", "http_client\http_client_vc2008.vcproj", "{366A8A81-C892-4761-B0E6-8F6E06C97DA4}"
	ProjectSection(ProjectDependencies) = postProject
		{B40213C2-507C-4C7F-A6E1-B850C9BDC27B} = {B40213C2-507C-4C7F-A6E1-B850C9BDC27B}
		{FE724EF7-3763-4E78-BDF5-BCBC075719FD} = {FE724EF7-3763-4E78-BDF5-BCBC075719FD}
	EndProjectSection
EndProject
Project("{8BC9CEB8-8B4A-11D0-8D11-00A0C91BC942}") = "memdb", "memdb\memdb_vc2008.vcproj", "{2B444179-354A-4320-912B-60947225A69F}"
	ProjectSection(ProjectDependencies) = postProject
		{B40213C2-507C-4C7F-A6E1-B850C9BDC27B} = {B40213C2-507C-4C7F-A6E1-B850C9BDC27B}
	EndProjectSection
EndProject
Project("{8BC9CEB8-8B4A-11D0-8D11-00A0C91BC942}") = "mempool", "mempool\mempool_vc2008.vcproj", "{E8371479-9AE9-4B04-B6D5-5FC6FEF97A1F}"
	ProjectSection(ProjectDependencies) = postProject
		{B40213C2-507C-4C7F-A6E1-B850C9BDC27B} = {B40213C2-507C-4C7F-A6E1-B850C9BDC27B}
	EndProjectSection
EndProject
Project("{8BC9CEB8-8B4A-11D0-8D11-00A0C91BC942}") = "proctlc", "proctlc\proctlc_vc2008.vcproj", "{6A90D480-032C-4023-85A4-F0D83E8E3D77}"
	ProjectSection(ProjectDependencies) = postProject
		{B40213C2-507C-4C7F-A6E1-B850C9BDC27B} = {B40213C2-507C-4C7F-A6E1-B850C9BDC27B}
	EndProjectSection
EndProject
Project("{8BC9CEB8-8B4A-11D0-8D11-00A0C91BC942}") = "proctld", "proctld\proctld_vc2008.vcproj", "{B8B5E526-69B6-4703-8C60-BED4C64DC54B}"
	ProjectSection(ProjectDependencies) = postProject
		{B40213C2-507C-4C7F-A6E1-B850C9BDC27B} = {B40213C2-507C-4C7F-A6E1-B850C9BDC27B}
	EndProjectSection
EndProject
Project("{8BC9CEB8-8B4A-11D0-8D11-00A0C91BC942}") = "thread", "thread\thread_vc2008.vcproj", "{DFACDD9D-B4D7-435C-B171-AB7A99144E24}"
	ProjectSection(ProjectDependencies) = postProject
		{B40213C2-507C-4C7F-A6E1-B850C9BDC27B} = {B40213C2-507C-4C7F-A6E1-B850C9BDC27B}
	EndProjectSection
EndProject
Project("{8BC9CEB8-8B4A-11D0-8D11-00A0C91BC942}") = "urlcode", "urlcode\urlcode_vc2008.vcproj", "{0C889E23-2372-4D5F-8F0B-C57E3678ED9D}"
	ProjectSection(ProjectDependencies) = postProject
		{B40213C2-507C-4C7F-A6E1-B850C9BDC27B} = {B40213C2-507C-4C7F-A6E1-B850C9BDC27B}
	EndProjectSection
EndProject
Project("{8BC9CEB8-8B4A-11D0-8D11-00A0C91BC942}") = "vstream", "vstream\vstream_vc2008.vcproj", "{E82AA408-8A7C-4FAC-97CD-5545A8C145E2}"
	ProjectSection(ProjectDependencies) = postProject
		{B40213C2-507C-4C7F-A6E1-B850C9BDC27B} = {B40213C2-507C-4C7F-A6E1-B850C9BDC27B}
	EndProjectSection
EndProject
Project("{8BC9CEB8-8B4A-11D0-8D11-00A0C91BC942}") = "vstring", "vstring\vstring_vc2008.vcproj", "{EE02FD35-0B84-476C-AD5F-974B0AEE6BF2}"
	ProjectSection(ProjectDependencies) = postProject
		{B40213C2-507C-4C7F-A6E1-B850C9BDC27B} = {B40213C2-507C-4C7F-A6E1-B850C9BDC27B}
	EndProjectSection
EndProject
Project("{8BC9CEB8-8B4A-11D0-8D11-00A0C91BC942}") = "lib_acl", "..\lib_acl\lib_acl_vc2008.vcproj", "{B40213C2-507C-4C7F-A6E1-B850C9BDC27B}"
EndProject
Project("{8BC9CEB8-8B4A-11D0-8D11-00A0C91BC942}") = "lib_protocol", "..\lib_protocol\lib_protocol_vc2008.vcproj", "{FE724EF7-3763-4E78-BDF5-BCBC075719FD}"
EndProject
Project("{8BC9CEB8-8B4A-11D0-8D11-00A0C91BC942}") = "thread_pool", "thread_pool\thread_pool_vc2008.vcproj", "{143D67EE-85E1-4456-AD99-6FDE7B1F1469}"
	ProjectSection(ProjectDependencies) = postProject
		{B40213C2-507C-4C7F-A6E1-B850C9BDC27B} = {B40213C2-507C-4C7F-A6E1-B850C9BDC27B}
	EndProjectSection
EndProject
Global
	GlobalSection(SolutionConfigurationPlatforms) = preSolution
		Debug|Win32 = Debug|Win32
		lib_acl_dll_debug|Win32 = lib_acl_dll_debug|Win32
		lib_acl_dll_release|Win32 = lib_acl_dll_release|Win32
		lib_acl_mysql_debug|Win32 = lib_acl_mysql_debug|Win32
		lib_acl_mysql_release|Win32 = lib_acl_mysql_release|Win32
		lib_protocol_dll_debug|Win32 = lib_protocol_dll_debug|Win32
		lib_protocol_dll_release|Win32 = lib_protocol_dll_release|Win32
		Release|Win32 = Release|Win32
	EndGlobalSection
	GlobalSection(ProjectConfigurationPlatforms) = postSolution
		{7BAB9FE5-4636-49BE-B19C-021FE42B0A67}.Debug|Win32.ActiveCfg = Debug|Win32
		{7BAB9FE5-4636-49BE-B19C-021FE42B0A67}.Debug|Win32.Build.0 = Debug|Win32
		{7BAB9FE5-4636-49BE-B19C-021FE42B0A67}.lib_acl_dll_debug|Win32.ActiveCfg = Release|Win32
		{7BAB9FE5-4636-49BE-B19C-021FE42B0A67}.lib_acl_dll_debug|Win32.Build.0 = Release|Win32
		{7BAB9FE5-4636-49BE-B19C-021FE42B0A67}.lib_acl_dll_release|Win32.ActiveCfg = Release|Win32
		{7BAB9FE5-4636-49BE-B19C-021FE42B0A67}.lib_acl_dll_release|Win32.Build.0 = Release|Win32
		{7BAB9FE5-4636-49BE-B19C-021FE42B0A67}.lib_acl_mysql_debug|Win32.ActiveCfg = Release|Win32
		{7BAB9FE5-4636-49BE-B19C-021FE42B0A67}.lib_acl_mysql_debug|Win32.Build.0 = Release|Win32
		{7BAB9FE5-4636-49BE-B19C-021FE42B0A67}.lib_acl_mysql_release|Win32.ActiveCfg = Release|Win32
		{7BAB9FE5-4636-49BE-B19C-021FE42B0A67}.lib_acl_mysql_release|Win32.Build.0 = Release|Win32
		{7BAB9FE5-4636-49BE-B19C-021FE42B0A67}.lib_protocol_dll_debug|Win32.ActiveCfg = Release|Win32
		{7BAB9FE5-4636-49BE-B19C-021FE42B0A67}.lib_protocol_dll_debug|Win32.Build.0 = Release|Win32
		{7BAB9FE5-4636-49BE-B19C-021FE42B0A67}.lib_protocol_dll_release|Win32.ActiveCfg = Release|Win32
		{7BAB9FE5-4636-49BE-B19C-021FE42B0A67}.lib_protocol_dll_release|Win32.Build.0 = Release|Win32
		{7BAB9FE5-4636-49BE-B19C-021FE42B0A67}.Release|Win32.ActiveCfg = Release|Win32
		{7BAB9FE5-4636-49BE-B19C-021FE42B0A67}.Release|Win32.Build.0 = Release|Win32
		{7A0A636F-1F1F-4BFA-B03F-8FEBC8526298}.Debug|Win32.ActiveCfg = Debug|Win32
		{7A0A636F-1F1F-4BFA-B03F-8FEBC8526298}.Debug|Win32.Build.0 = Debug|Win32
		{7A0A636F-1F1F-4BFA-B03F-8FEBC8526298}.lib_acl_dll_debug|Win32.ActiveCfg = Release|Win32
		{7A0A636F-1F1F-4BFA-B03F-8FEBC8526298}.lib_acl_dll_debug|Win32.Build.0 = Release|Win32
		{7A0A636F-1F1F-4BFA-B03F-8FEBC8526298}.lib_acl_dll_release|Win32.ActiveCfg = Release|Win32
		{7A0A636F-1F1F-4BFA-B03F-8FEBC8526298}.lib_acl_dll_release|Win32.Build.0 = Release|Win32
		{7A0A636F-1F1F-4BFA-B03F-8FEBC8526298}.lib_acl_mysql_debug|Win32.ActiveCfg = Release|Win32
		{7A0A636F-1F1F-4BFA-B03F-8FEBC8526298}.lib_acl_mysql_debug|Win32.Build.0 = Release|Win32
		{7A0A636F-1F1F-4BFA-B03F-8FEBC8526298}.lib_acl_mysql_release|Win32.ActiveCfg = Release|Win32
		{7A0A636F-1F1F-4BFA-B03F-8FEBC8526298}.lib_acl_mysql_release|Win32.Build.0 = Release|Win32
		{7A0A636F-1F1F-4BFA-B03F-8FEBC8526298}.lib_protocol_dll_debug|Win32.ActiveCfg = Release|Win32
		{7A0A636F-1F1F-4BFA-B03F-8FEBC8526298}.lib_protocol_dll_debug|Win32.Build.0 = Release|Win32
		{7A0A636F-1F1F-4BFA-B03F-8FEBC8526298}.lib_protocol_dll_release|Win32.ActiveCfg = Release|Win32
		{7A0A636F-1F1F-4BFA-B03F-8FEBC8526298}.lib_protocol_dll_release|Win32.Build.0 = Release|Win32
		{7A0A636F-1F1F-4BFA-B03F-8FEBC8526298}.Release|Win32.ActiveCfg = Release|Win32
		{7A0A636F-1F1F-4BFA-B03F-8FEBC8526298}.Release|Win32.Build.0 = Release|Win32
		{DBA0DB07-3DF5-4D62-A1CA-221BF04BA466}.Debug|Win32.ActiveCfg = Debug|Win32
		{DBA0DB07-3DF5-4D62-A1CA-221BF04BA466}.Debug|Win32.Build.0 = Debug|Win32
		{DBA0DB07-3DF5-4D62-A1CA-221BF04BA466}.lib_acl_dll_debug|Win32.ActiveCfg = Release|Win32
		{DBA0DB07-3DF5-4D62-A1CA-221BF04BA466}.lib_acl_dll_debug|Win32.Build.0 = Release|Win32
		{DBA0DB07-3DF5-4D62-A1CA-221BF04BA466}.lib_acl_dll_release|Win32.ActiveCfg = Release|Win32
		{DBA0DB07-3DF5-4D62-A1CA-221BF04BA466}.lib_acl_dll_release|Win32.Build.0 = Release|Win32
		{DBA0DB07-3DF5-4D62-A1CA-221BF04BA466}.lib_acl_mysql_debug|Win32.ActiveCfg = Release|Win32
		{DBA0DB07-3DF5-4D62-A1CA-221BF04BA466}.lib_acl_mysql_debug|Win32.Build.0 = Release|Win32
		{DBA0DB07-3DF5-4D62-A1CA-221BF04BA466}.lib_acl_mysql_release|Win32.ActiveCfg = Release|Win32
		{DBA0DB07-3DF5-4D62-A1CA-221BF04BA466}.lib_acl_mysql_release|Win32.Build.0 = Release|Win32
		{DBA0DB07-3DF5-4D62-A1CA-221BF04BA466}.lib_protocol_dll_debug|Win32.ActiveCfg = Release|Win32
		{DBA0DB07-3DF5-4D62-A1CA-221BF04BA466}.lib_protocol_dll_debug|Win32.Build.0 = Release|Win32
		{DBA0DB07-3DF5-4D62-A1CA-221BF04BA466}.lib_protocol_dll_release|Win32.ActiveCfg = Release|Win32
		{DBA0DB07-3DF5-4D62-A1CA-221BF04BA466}.lib_protocol_dll_release|Win32.Build.0 = Release|Win32
		{DBA0DB07-3DF5-4D62-A1CA-221BF04BA466}.Release|Win32.ActiveCfg = Release|Win32
		{DBA0DB07-3DF5-4D62-A1CA-221BF04BA466}.Release|Win32.Build.0 = Release|Win32
		{9360071D-2E0B-4562-A131-686C254288C1}.Debug|Win32.ActiveCfg = Debug|Win32
		{9360071D-2E0B-4562-A131-686C254288C1}.Debug|Win32.Build.0 = Debug|Win32
		{9360071D-2E0B-4562-A131-686C254288C1}.lib_acl_dll_debug|Win32.ActiveCfg = Release|Win32
		{9360071D-2E0B-4562-A131-686C254288C1}.lib_acl_dll_debug|Win32.Build.0 = Release|Win32
		{9360071D-2E0B-4562-A131-686C254288C1}.lib_acl_dll_release|Win32.ActiveCfg = Release|Win32
		{9360071D-2E0B-4562-A131-686C254288C1}.lib_acl_dll_release|Win32.Build.0 = Release|Win32
		{9360071D-2E0B-4562-A131-686C254288C1}.lib_acl_mysql_debug|Win32.ActiveCfg = Release|Win32
		{9360071D-2E0B-4562-A131-686C254288C1}.lib_acl_mysql_debug|Win32.Build.0 = Release|Win32
		{9360071D-2E0B-4562-A131-686C254288C1}.lib_acl_mysql_release|Win32.ActiveCfg = Release|Win32
		{9360071D-2E0B-4562-A131-686C254288C1}.lib_acl_mysql_release|Win32.Build.0 = Release|Win32
		{9360071D-2E0B-4562-A131-686C254288C1}.lib_protocol_dll_debug|Win32.ActiveCfg = Release|Win32
		{9360071D-2E0B-4562-A131-686C254288C1}.lib_protocol_dll_debug|Win32.Build.0 = Release|Win32
		{9360071D-2E0B-4562-A131-686C254288C1}.lib_protocol_dll_release|Win32.ActiveCfg = Release|Win32
		{9360071D-2E0B-4562-A131-686C254288C1}.lib_protocol_dll_release|Win32.Build.0 = Release|Win32
		{9360071D-2E0B-4562-A131-686C254288C1}.Release|Win32.ActiveCfg = Release|Win32
		{9360071D-2E0B-4562-A131-686C254288C1}.Release|Win32.Build.0 = Release|Win32
		{B371C435-D136-49C9-A9F9-E26EA97E5F53}.Debug|Win32.ActiveCfg = Debug|Win32
		{B371C435-D136-49C9-A9F9-E26EA97E5F53}.Debug|Win32.Build.0 = Debug|Win32
		{B371C435-D136-49C9-A9F9-E26EA97E5F53}.lib_acl_dll_debug|Win32.ActiveCfg = Release|Win32
		{B371C435-D136-49C9-A9F9-E26EA97E5F53}.lib_acl_dll_debug|Win32.Build.0 = Release|Win32
		{B371C435-D136-49C9-A9F9-E26EA97E5F53}.lib_acl_dll_release|Win32.ActiveCfg = Release|Win32
		{B371C435-D136-49C9-A9F9-E26EA97E5F53}.lib_acl_dll_release|Win32.Build.0 = Release|Win32
		{B371C435-D136-49C9-A9F9-E26EA97E5F53}.lib_acl_mysql_debug|Win32.ActiveCfg = Release|Win32
		{B371C435-D136-49C9-A9F9-E26EA97E5F53}.lib_acl_mysql_debug|Win32.Build.0 = Release|Win32
		{B371C435-D136-49C9-A9F9-E26EA97E5F53}.lib_acl_mysql_release|Win32.ActiveCfg = Release|Win32
		{B371C435-D136-49C9-A9F9-E26EA97E5F53}.lib_acl_mysql_release|Win32.Build.0 = Release|Win32
		{B371C435-D136-49C9-A9F9-E26EA97E5F53}.lib_protocol_dll_debug|Win32.ActiveCfg = Release|Win32
		{B371C435-D136-49C9-A9F9-E26EA97E5F53}.lib_protocol_dll_debug|Win32.Build.0 = Release|Win32
		{B371C435-D136-49C9-A9F9-E26EA97E5F53}.lib_protocol_dll_release|Win32.ActiveCfg = Release|Win32
		{B371C435-D136-49C9-A9F9-E26EA97E5F53}.lib_protocol_dll_release|Win32.Build.0 = Release|Win32
		{B371C435-D136-49C9-A9F9-E26EA97E5F53}.Release|Win32.ActiveCfg = Release|Win32
		{B371C435-D136-49C9-A9F9-E26EA97E5F53}.Release|Win32.Build.0 = Release|Win32
		{6E94E71F-C148-4992-A128-6E99DE193298}.Debug|Win32.ActiveCfg = Debug|Win32
		{6E94E71F-C148-4992-A128-6E99DE193298}.Debug|Win32.Build.0 = Debug|Win32
		{6E94E71F-C148-4992-A128-6E99DE193298}.lib_acl_dll_debug|Win32.ActiveCfg = Release|Win32
		{6E94E71F-C148-4992-A128-6E99DE193298}.lib_acl_dll_debug|Win32.Build.0 = Release|Win32
		{6E94E71F-C148-4992-A128-6E99DE193298}.lib_acl_dll_release|Win32.ActiveCfg = Release|Win32
		{6E94E71F-C148-4992-A128-6E99DE193298}.lib_acl_dll_release|Win32.Build.0 = Release|Win32
		{6E94E71F-C148-4992-A128-6E99DE193298}.lib_acl_mysql_debug|Win32.ActiveCfg = Release|Win32
		{6E94E71F-C148-4992-A128-6E99DE193298}.lib_acl_mysql_debug|Win32.Build.0 = Release|Win32
		{6E94E71F-C148-4992-A128-6E99DE193298}.lib_acl_mysql_release|Win32.ActiveCfg = Release|Win32
		{6E94E71F-C148-4992-A128-6E99DE193298}.lib_acl_mysql_release|Win32.Build.0 = Release|Win32
		{6E94E71F-C148-4992-A128-6E99DE193298}.lib_protocol_dll_debug|Win32.ActiveCfg = Release|Win32
		{6E94E71F-C148-4992-A128-6E99DE193298}.lib_protocol_dll_debug|Win32.Build.0 = Release|Win32
		{6E94E71F-C148-4992-A128-6E99DE193298}.lib_protocol_dll_release|Win32.ActiveCfg = Release|Win32
		{6E94E71F-C148-4992-A128-6E99DE193298}.lib_protocol_dll_release|Win32.Build.0 = Release|Win32
		{6E94E71F-C148-4992-A128-6E99DE193298}.Release|Win32.ActiveCfg = Release|Win32
		{6E94E71F-C148-4992-A128-6E99DE193298}.Release|Win32.Build.0 = Release|Win32
		{016259D7-9F6F-486B-B3E3-A450C0ECDAE8}.Debug|Win32.ActiveCfg = Debug|Win32
		{016259D7-9F6F-486B-B3E3-A450C0ECDAE8}.Debug|Win32.Build.0 = Debug|Win32
		{016259D7-9F6F-486B-B3E3-A450C0ECDAE8}.lib_acl_dll_debug|Win32.ActiveCfg = Release|Win32
		{016259D7-9F6F-486B-B3E3-A450C0ECDAE8}.lib_acl_dll_debug|Win32.Build.0 = Release|Win32
		{016259D7-9F6F-486B-B3E3-A450C0ECDAE8}.lib_acl_dll_release|Win32.ActiveCfg = Release|Win32
		{016259D7-9F6F-486B-B3E3-A450C0ECDAE8}.lib_acl_dll_release|Win32.Build.0 = Release|Win32
		{016259D7-9F6F-486B-B3E3-A450C0ECDAE8}.lib_acl_mysql_debug|Win32.ActiveCfg = Release|Win32
		{016259D7-9F6F-486B-B3E3-A450C0ECDAE8}.lib_acl_mysql_debug|Win32.Build.0 = Release|Win32
		{016259D7-9F6F-486B-B3E3-A450C0ECDAE8}.lib_acl_mysql_release|Win32.ActiveCfg = Release|Win32
		{016259D7-9F6F-486B-B3E3-A450C0ECDAE8}.lib_acl_mysql_release|Win32.Build.0 = Release|Win32
		{016259D7-9F6F-486B-B3E3-A450C0ECDAE8}.lib_protocol_dll_debug|Win32.ActiveCfg = Release|Win32
		{016259D7-9F6F-486B-B3E3-A450C0ECDAE8}.lib_protocol_dll_debug|Win32.Build.0 = Release|Win32
		{016259D7-9F6F-486B-B3E3-A450C0ECDAE8}.lib_protocol_dll_release|Win32.ActiveCfg = Release|Win32
		{016259D7-9F6F-486B-B3E3-A450C0ECDAE8}.lib_protocol_dll_release|Win32.Build.0 = Release|Win32
		{016259D7-9F6F-486B-B3E3-A450C0ECDAE8}.Release|Win32.ActiveCfg = Release|Win32
		{016259D7-9F6F-486B-B3E3-A450C0ECDAE8}.Release|Win32.Build.0 = Release|Win32
		{611E748C-0812-412D-AED4-35F57471ABB9}.Debug|Win32.ActiveCfg = Debug|Win32
		{611E748C-0812-412D-AED4-35F57471ABB9}.Debug|Win32.Build.0 = Debug|Win32
		{611E748C-0812-412D-AED4-35F57471ABB9}.lib_acl_dll_debug|Win32.ActiveCfg = Release|Win32
		{611E748C-0812-412D-AED4-35F57471ABB9}.lib_acl_dll_debug|Win32.Build.0 = Release|Win32
		{611E748C-0812-412D-AED4-35F57471ABB9}.lib_acl_dll_release|Win32.ActiveCfg = Release|Win32
		{611E748C-0812-412D-AED4-35F57471ABB9}.lib_acl_dll_release|Win32.Build.0 = Release|Win32
		{611E748C-0812-412D-AED4-35F57471ABB9}.lib_acl_mysql_debug|Win32.ActiveCfg = Release|Win32
		{611E748C-0812-412D-AED4-35F57471ABB9}.lib_acl_mysql_debug|Win32.Build.0 = Release|Win32
		{611E748C-0812-412D-AED4-35F57471ABB9}.lib_acl_mysql_release|Win32.ActiveCfg = Release|Win32
		{611E748C-0812-412D-AED4-35F57471ABB9}.lib_acl_mysql_release|Win32.Build.0 = Release|Win32
		{611E748C-0812-412D-AED4-35F57471ABB9}.lib_protocol_dll_debug|Win32.ActiveCfg = Release|Win32
		{611E748C-0812-412D-AED4-35F57471ABB9}.lib_protocol_dll_debug|Win32.Build.0 = Release|Win32
		{611E748C-0812-412D-AED4-35F57471ABB9}.lib_protocol_dll_release|Win32.ActiveCfg = Release|Win32
		{611E748C-0812-412D-AED4-35F57471ABB9}.lib_protocol_dll_release|Win32.Build.0 = Release|Win32
		{611E748C-0812-412D-AED4-35F57471ABB9}.Release|Win32.ActiveCfg = Release|Win32
		{611E748C-0812-412D-AED4-35F57471ABB9}.Release|Win32.Build.0 = Release|Win32
		{366A8A81-C892-4761-B0E6-8F6E06C97DA4}.Debug|Win32.ActiveCfg = Debug|Win32
		{366A8A81-C892-4761-B0E6-8F6E06C97DA4}.Debug|Win32.Build.0 = Debug|Win32
		{366A8A81-C892-4761-B0E6-8F6E06C97DA4}.lib_acl_dll_debug|Win32.ActiveCfg = Release|Win32
		{366A8A81-C892-4761-B0E6-8F6E06C97DA4}.lib_acl_dll_debug|Win32.Build.0 = Release|Win32
		{366A8A81-C892-4761-B0E6-8F6E06C97DA4}.lib_acl_dll_release|Win32.ActiveCfg = Release|Win32
		{366A8A81-C892-4761-B0E6-8F6E06C97DA4}.lib_acl_dll_release|Win32.Build.0 = Release|Win32
		{366A8A81-C892-4761-B0E6-8F6E06C97DA4}.lib_acl_mysql_debug|Win32.ActiveCfg = Release|Win32
		{366A8A81-C892-4761-B0E6-8F6E06C97DA4}.lib_acl_mysql_debug|Win32.Build.0 = Release|Win32
		{366A8A81-C892-4761-B0E6-8F6E06C97DA4}.lib_acl_mysql_release|Win32.ActiveCfg = Release|Win32
		{366A8A81-C892-4761-B0E6-8F6E06C97DA4}.lib_acl_mysql_release|Win32.Build.0 = Release|Win32
		{366A8A81-C892-4761-B0E6-8F6E06C97DA4}.lib_protocol_dll_debug|Win32.ActiveCfg = Release|Win32
		{366A8A81-C892-4761-B0E6-8F6E06C97DA4}.lib_protocol_dll_debug|Win32.Build.0 = Release|Win32
		{366A8A81-C892-4761-B0E6-8F6E06C97DA4}.lib_protocol_dll_release|Win32.ActiveCfg = Release|Win32
		{366A8A81-C892-4761-B0E6-8F6E06C97DA4}.lib_protocol_dll_release|Win32.Build.0 = Release|Win32
		{366A8A81-C892-4761-B0E6-8F6E06C97DA4}.Release|Win32.ActiveCfg = Release|Win32
		{366A8A81-C892-4761-B0E6-8F6E06C97DA4}.Release|Win32.Build.0 = Release|Win32
		{2B444179-354A-4320-912B-60947225A69F}.Debug|Win32.ActiveCfg = Debug|Win32
		{2B444179-354A-4320-912B-60947225A69F}.Debug|Win32.Build.0 = Debug|Win32
		{2B444179-354A-4320-912B-60947225A69F}.lib_acl_dll_debug|Win32.ActiveCfg = Release|Win32
		{2B444179-354A-4320-912B-60947225A69F}.lib_acl_dll_debug|Win32.Build.0 = Release|Win32
		{2B444179-354A-4320-912B-60947225A69F}.lib_acl_dll_release|Win32.ActiveCfg = Release|Win32
		{2B444179-354A-4320-912B-60947225A69F}.lib_acl_dll_release|Win32.Build.0 = Release|Win32
		{2B444179-354A-4320-912B-60947225A69F}.lib_acl_mysql_debug|Win32.ActiveCfg = Release|Win32
		{2B444179-354A-4320-912B-60947225A69F}.lib_acl_mysql_debug|Win32.Build.0 = Release|Win32
		{2B444179-354A-4320-912B-60947225A69F}.lib_acl_mysql_release|Win32.ActiveCfg = Release|Win32
		{2B444179-354A-4320-912B-60947225A69F}.lib_acl_mysql_release|Win32.Build.0 = Release|Win32
		{2B444179-354A-4320-912B-60947225A69F}.lib_protocol_dll_debug|Win32.ActiveCfg = Release|Win32
		{2B444179-354A-4320-912B-60947225A69F}.lib_protocol_dll_debug|Win32.Build.0 = Release|Win32
		{2B444179-354A-4320-912B-60947225A69F}.lib_protocol_dll_release|Win32.ActiveCfg = Release|Win32
		{2B444179-354A-4320-912B-60947225A69F}.lib_protocol_dll_release|Win32.Build.0 = Release|Win32
		{2B444179-354A-4320-912B-60947225A69F}.Release|Win32.ActiveCfg = Release|Win32
		{2B444179-354A-4320-912B-60947225A69F}.Release|Win32.Build.0 = Release|Win32
		{E8371479-9AE9-4B04-B6D5-5FC6FEF97A1F}.Debug|Win32.ActiveCfg = Debug|Win32
		{E8371479-9AE9-4B04-B6D5-5FC6FEF97A1F}.Debug|Win32.Build.0 = Debug|Win32
		{E8371479-9AE9-4B04-B6D5-5FC6FEF97A1F}.lib_acl_dll_debug|Win32.ActiveCfg = Release|Win32
		{E8371479-9AE9-4B04-B6D5-5FC6FEF97A1F}.lib_acl_dll_debug|Win32.Build.0 = Release|Win32
		{E8371479-9AE9-4B04-B6D5-5FC6FEF97A1F}.lib_acl_dll_release|Win32.ActiveCfg = Release|Win32
		{E8371479-9AE9-4B04-B6D5-5FC6FEF97A1F}.lib_acl_dll_release|Win32.Build.0 = Release|Win32
		{E8371479-9AE9-4B04-B6D5-5FC6FEF97A1F}.lib_acl_mysql_debug|Win32.ActiveCfg = Release|Win32
		{E8371479-9AE9-4B04-B6D5-5FC6FEF97A1F}.lib_acl_mysql_debug|Win32.Build.0 = Release|Win32
		{E8371479-9AE9-4B04-B6D5-5FC6FEF97A1F}.lib_acl_mysql_release|Win32.ActiveCfg = Release|Win32
		{E8371479-9AE9-4B04-B6D5-5FC6FEF97A1F}.lib_acl_mysql_release|Win32.Build.0 = Release|Win32
		{E8371479-9AE9-4B04-B6D5-5FC6FEF97A1F}.lib_protocol_dll_debug|Win32.ActiveCfg = Release|Win32
		{E8371479-9AE9-4B04-B6D5-5FC6FEF97A1F}.lib_protocol_dll_debug|Win32.Build.0 = Release|Win32
		{E8371479-9AE9-4B04-B6D5-5FC6FEF97A1F}.lib_protocol_dll_release|Win32.ActiveCfg = Release|Win32
		{E8371479-9AE9-4B04-B6D5-5FC6FEF97A1F}.lib_protocol_dll_release|Win32.Build.0 = Release|Win32
		{E8371479-9AE9-4B04-B6D5-5FC6FEF97A1F}.Release|Win32.ActiveCfg = Release|Win32
		{E8371479-9AE9-4B04-B6D5-5FC6FEF97A1F}.Release|Win32.Build.0 = Release|Win32
		{6A90D480-032C-4023-85A4-F0D83E8E3D77}.Debug|Win32.ActiveCfg = Debug|Win32
		{6A90D480-032C-4023-85A4-F0D83E8E3D77}.Debug|Win32.Build.0 = Debug|Win32
		{6A90D480-032C-4023-85A4-F0D83E8E3D77}.lib_acl_dll_debug|Win32.ActiveCfg = Release|Win32
		{6A90D480-032C-4023-85A4-F0D83E8E3D77}.lib_acl_dll_debug|Win32.Build.0 = Release|Win32
		{6A90D480-032C-4023-85A4-F0D83E8E3D77}.lib_acl_dll_release|Win32.ActiveCfg = Release|Win32
		{6A90D480-032C-4023-85A4-F0D83E8E3D77}.lib_acl_dll_release|Win32.Build.0 = Release|Win32
		{6A90D480-032C-4023-85A4-F0D83E8E3D77}.lib_acl_mysql_debug|Win32.ActiveCfg = Release|Win32
		{6A90D480-032C-4023-85A4-F0D83E8E3D77}.lib_acl_mysql_debug|Win32.Build.0 = Release|Win32
		{6A90D480-032C-4023-85A4-F0D83E8E3D77}.lib_acl_mysql_release|Win32.ActiveCfg = Release|Win32
		{6A90D480-032C-4023-85A4-F0D83E8E3D77}.lib_acl_mysql_release|Win32.Build.0 = Release|Win32
		{6A90D480-032C-4023-85A4-F0D83E8E3D77}.lib_protocol_dll_debug|Win32.ActiveCfg = Release|Win32
		{6A90D480-032C-4023-85A4-F0D83E8E3D77}.lib_protocol_dll_debug|Win32.Build.0 = Release|Win32
		{6A90D480-032C-4023-85A4-F0D83E8E3D77}.lib_protocol_dll_release|Win32.ActiveCfg = Release|Win32
		{6A90D480-032C-4023-85A4-F0D83E8E3D77}.lib_protocol_dll_release|Win32.Build.0 = Release|Win32
		{6A90D480-032C-4023-85A4-F0D83E8E3D77}.Release|Win32.ActiveCfg = Release|Win32
		{6A90D480-032C-4023-85A4-F0D83E8E3D77}.Release|Win32.Build.0 = Release|Win32
		{B8B5E526-69B6-4703-8C60-BED4C64DC54B}.Debug|Win32.ActiveCfg = Debug|Win32
		{B8B5E526-69B6-4703-8C60-BED4C64DC54B}.Debug|Win32.Build.0 = Debug|Win32
		{B8B5E526-69B6-4703-8C60-BED4C64DC54B}.lib_acl_dll_debug|Win32.ActiveCfg = Release|Win32
		{B8B5E526-69B6-4703-8C60-BED4C64DC54B}.lib_acl_dll_debug|Win32.Build.0 = Release|Win32
		{B8B5E526-69B6-4703-8C60-BED4C64DC54B}.lib_acl_dll_release|Win32.ActiveCfg = Release|Win32
		{B8B5E526-69B6-4703-8C60-BED4C64DC54B}.lib_acl_dll_release|Win32.Build.0 = Release|Win32
		{B8B5E526-69B6-4703-8C60-BED4C64DC54B}.lib_acl_mysql_debug|Win32.ActiveCfg = Release|Win32
		{B8B5E526-69B6-4703-8C60-BED4C64DC54B}.lib_acl_mysql_debug|Win32.Build.0 = Release|Win32
		{B8B5E526-69B6-4703-8C60-BED4C64DC54B}.lib_acl_mysql_release|Win32.ActiveCfg = Release|Win32
		{B8B5E526-69B6-4703-8C60-BED4C64DC54B}.lib_acl_mysql_release|Win32.Build.0 = Release|Win32
		{B8B5E526-69B6-4703-8C60-BED4C64DC54B}.lib_protocol_dll_debug|Win32.ActiveCfg = Release|Win32
		{B8B5E526-69B6-4703-8C60-BED4C64DC54B}.lib_protocol_dll_debug|Win32.Build.0 = Release|Win32
		{B8B5E526-69B6-4703-8C60-BED4C64DC54B}.lib_protocol_dll_release|Win32.ActiveCfg = Release|Win32
		{B8B5E526-69B6-4703-8C60-BED4C64DC54B}.lib_protocol_dll_release|Win32.Build.0 = Release|Win32
		{B8B5E526-69B6-4703-8C60-BED4C64DC54B}.Release|Win32.ActiveCfg = Release|Win32
		{B8B5E526-69B6-4703-8C60-BED4C64DC54B}.Release|Win32.Build.0 = Release|Win32
		{DFACDD9D-B4D7-435C-B171-AB7A99144E24}.Debug|Win32.ActiveCfg = Debug|Win32
		{DFACDD9D-B4D7-435C-B171-AB7A99144E24}.Debug|Win32.Build.0 = Debug|Win32
		{DFACDD9D-B4D7-435C-B171-AB7A99144E24}.lib_acl_dll_debug|Win32.ActiveCfg = Release|Win32
		{DFACDD9D-B4D7-435C-B171-AB7A99144E24}.lib_acl_dll_debug|Win32.Build.0 = Release|Win32
		{DFACDD9D-B4D7-435C-B171-AB7A99144E24}.lib_acl_dll_release|Win32.ActiveCfg = Release|Win32
		{DFACDD9D-B4D7-435C-B171-AB7A99144E24}.lib_acl_dll_release|Win32.Build.0 = Release|Win32
		{DFACDD9D-B4D7-435C-B171-AB7A99144E24}.lib_acl_mysql_debug|Win32.ActiveCfg = Release|Win32
		{DFACDD9D-B4D7-435C-B171-AB7A99144E24}.lib_acl_mysql_debug|Win32.Build.0 = Release|Win32
		{DFACDD9D-B4D7-435C-B171-AB7A99144E24}.lib_acl_mysql_release|Win32.ActiveCfg = Release|Win32
		{DFACDD9D-B4D7-435C-B171-AB7A99144E24}.lib_acl_mysql_release|Win32.Build.0 = Release|Win32
		{DFACDD9D-B4D7-435C-B171-AB7A99144E24}.lib_protocol_dll_debug|Win32.ActiveCfg = Release|Win32
		{DFACDD9D-B4D7-435C-B171-AB7A99144E24}.lib_protocol_dll_debug|Win32.Build.0 = Release|Win32
		{DFACDD9D-B4D7-435C-B171-AB7A99144E24}.lib_protocol_dll_release|Win32.ActiveCfg = Release|Win32
		{DFACDD9D-B4D7-435C-B171-AB7A99144E24}.lib_protocol_dll_release|Win32.Build.0 = Release|Win32
		{DFACDD9D-B4D7-435C-B171-AB7A99144E24}.Release|Win32.ActiveCfg = Release|Win32
		{DFACDD9D-B4D7-435C-B171-AB7A99144E24}.Release|Win32.Build.0 = Release|Win32
		{0C889E23-2372-4D5F-8F0B-C57E3678ED9D}.Debug|Win32.ActiveCfg = Debug|Win32
		{0C889E23-2372-4D5F-8F0B-C57E3678ED9D}.Debug|Win32.Build.0 = Debug|Win32
		{0C889E23-2372-4D5F-8F0B-C57E3678ED9D}.lib_acl_dll_debug|Win32.ActiveCfg = Release|Win32
		{0C889E23-2372-4D5F-8F0B-C57E3678ED9D}.lib_acl_dll_debug|Win32.Build.0 = Release|Win32
		{0C889E23-2372-4D5F-8F0B-C57E3678ED9D}.lib_acl_dll_release|Win32.ActiveCfg = Release|Win32
		{0C889E23-2372-4D5F-8F0B-C57E3678ED9D}.lib_acl_dll_release|Win32.Build.0 = Release|Win32
		{0C889E23-2372-4D5F-8F0B-C57E3678ED9D}.lib_acl_mysql_debug|Win32.ActiveCfg = Release|Win32
		{0C889E23-2372-4D5F-8F0B-C57E3678ED9D}.lib_acl_mysql_debug|Win32.Build.0 = Release|Win32
		{0C889E23-2372-4D5F-8F0B-C57E3678ED9D}.lib_acl_mysql_release|Win32.ActiveCfg = Release|Win32
		{0C889E23-2372-4D5F-8F0B-C57E3678ED9D}.lib_acl_mysql_release|Win32.Build.0 = Release|Win32
		{0C889E23-2372-4D5F-8F0B-C57E3678ED9D}.lib_protocol_dll_debug|Win32.ActiveCfg = Release|Win32
		{0C889E23-2372-4D5F-8F0B-C57E3678ED9D}.lib_protocol_dll_debug|Win32.Build.0 = Release|Win32
		{0C889E23-2372-4D5F-8F0B-C57E3678ED9D}.lib_protocol_dll_release|Win32.ActiveCfg = Release|Win32
		{0C889E23-2372-4D5F-8F0B-C57E3678ED9D}.lib_protocol_dll_release|Win32.Build.0 = Release|Win32
		{0C889E23-2372-4D5F-8F0B-C57E3678ED9D}.Release|Win32.ActiveCfg = Release|Win32
		{0C889E23-2372-4D5F-8F0B-C57E3678ED9D}.Release|Win32.Build.0 = Release|Win32
		{E82AA408-8A7C-4FAC-97CD-5545A8C145E2}.Debug|Win32.ActiveCfg = Debug|Win32
		{E82AA408-8A7C-4FAC-97CD-5545A8C145E2}.Debug|Win32.Build.0 = Debug|Win32
		{E82AA408-8A7C-4FAC-97CD-5545A8C145E2}.lib_acl_dll_debug|Win32.ActiveCfg = Release|Win32
		{E82AA408-8A7C-4FAC-97CD-5545A8C145E2}.lib_acl_dll_debug|Win32.Build.0 = Release|Win32
		{E82AA408-8A7C-4FAC-97CD-5545A8C145E2}.lib_acl_dll_release|Win32.ActiveCfg = Release|Win32
		{E82AA408-8A7C-4FAC-97CD-5545A8C145E2}.lib_acl_dll_release|Win32.Build.0 = Release|Win32
		{E82AA408-8A7C-4FAC-97CD-5545A8C145E2}.lib_acl_mysql_debug|Win32.ActiveCfg = Release|Win32
		{E82AA408-8A7C-4FAC-97CD-5545A8C145E2}.lib_acl_mysql_debug|Win32.Build.0 = Release|Win32
		{E82AA408-8A7C-4FAC-97CD-5545A8C145E2}.lib_acl_mysql_release|Win32.ActiveCfg = Release|Win32
		{E82AA408-8A7C-4FAC-97CD-5545A8C145E2}.lib_acl_mysql_release|Win32.Build.0 = Release|Win32
		{E82AA408-8A7C-4FAC-97CD-5545A8C145E2}.lib_protocol_dll_debug|Win32.ActiveCfg = Release|Win32
		{E82AA408-8A7C-4FAC-97CD-5545A8C145E2}.lib_protocol_dll_debug|Win32.Build.0 = Release|Win32
		{E82AA408-8A7C-4FAC-97CD-5545A8C145E2}.lib_protocol_dll_release|Win32.ActiveCfg = Release|Win32
		{E82AA408-8A7C-4FAC-97CD-5545A8C145E2}.lib_protocol_dll_release|Win32.Build.0 = Release|Win32
		{E82AA408-8A7C-4FAC-97CD-5545A8C145E2}.Release|Win32.ActiveCfg = Release|Win32
		{E82AA408-8A7C-4FAC-97CD-5545A8C145E2}.Release|Win32.Build.0 = Release|Win32
		{EE02FD35-0B84-476C-AD5F-974B0AEE6BF2}.Debug|Win32.ActiveCfg = Debug|Win32
		{EE02FD35-0B84-476C-AD5F-974B0AEE6BF2}.Debug|Win32.Build.0 = Debug|Win32
		{EE02FD35-0B84-476C-AD5F-974B0AEE6BF2}.lib_acl_dll_debug|Win32.ActiveCfg = Release|Win32
		{EE02FD35-0B84-476C-AD5F-974B0AEE6BF2}.lib_acl_dll_debug|Win32.Build.0 = Release|Win32
		{EE02FD35-0B84-476C-AD5F-974B0AEE6BF2}.lib_acl_dll_release|Win32.ActiveCfg = Release|Win32
		{EE02FD35-0B84-476C-AD5F-974B0AEE6BF2}.lib_acl_dll_release|Win32.Build.0 = Release|Win32
		{EE02FD35-0B84-476C-AD5F-974B0AEE6BF2}.lib_acl_mysql_debug|Win32.ActiveCfg = Release|Win32
		{EE02FD35-0B84-476C-AD5F-974B0AEE6BF2}.lib_acl_mysql_debug|Win32.Build.0 = Release|Win32
		{EE02FD35-0B84-476C-AD5F-974B0AEE6BF2}.lib_acl_mysql_release|Win32.ActiveCfg = Release|Win32
		{EE02FD35-0B84-476C-AD5F-974B0AEE6BF2}.lib_acl_mysql_release|Win32.Build.0 = Release|Win32
		{EE02FD35-0B84-476C-AD5F-974B0AEE6BF2}.lib_protocol_dll_debug|Win32.ActiveCfg = Release|Win32
		{EE02FD35-0B84-476C-AD5F-974B0AEE6BF2}.lib_protocol_dll_debug|Win32.Build.0 = Release|Win32
		{EE02FD35-0B84-476C-AD5F-974B0AEE6BF2}.lib_protocol_dll_release|Win32.ActiveCfg = Release|Win32
		{EE02FD35-0B84-476C-AD5F-974B0AEE6BF2}.lib_protocol_dll_release|Win32.Build.0 = Release|Win32
		{EE02FD35-0B84-476C-AD5F-974B0AEE6BF2}.Release|Win32.ActiveCfg = Release|Win32
		{EE02FD35-0B84-476C-AD5F-974B0AEE6BF2}.Release|Win32.Build.0 = Release|Win32
		{B40213C2-507C-4C7F-A6E1-B850C9BDC27B}.Debug|Win32.ActiveCfg = Debug|Win32
		{B40213C2-507C-4C7F-A6E1-B850C9BDC27B}.Debug|Win32.Build.0 = Debug|Win32
		{B40213C2-507C-4C7F-A6E1-B850C9BDC27B}.lib_acl_dll_debug|Win32.ActiveCfg = lib_acl_dll_debug|Win32
		{B40213C2-507C-4C7F-A6E1-B850C9BDC27B}.lib_acl_dll_debug|Win32.Build.0 = lib_acl_dll_debug|Win32
		{B40213C2-507C-4C7F-A6E1-B850C9BDC27B}.lib_acl_dll_release|Win32.ActiveCfg = lib_acl_dll_release|Win32
		{B40213C2-507C-4C7F-A6E1-B850C9BDC27B}.lib_acl_dll_release|Win32.Build.0 = lib_acl_dll_release|Win32
		{B40213C2-507C-4C7F-A6E1-B850C9BDC27B}.lib_acl_mysql_debug|Win32.ActiveCfg = lib_acl_mysql_debug|Win32
		{B40213C2-507C-4C7F-A6E1-B850C9BDC27B}.lib_acl_mysql_debug|Win32.Build.0 = lib_acl_mysql_debug|Win32
		{B40213C2-507C-4C7F-A6E1-B850C9BDC27B}.lib_acl_mysql_release|Win32.ActiveCfg = lib_acl_mysql_release|Win32
		{B40213C2-507C-4C7F-A6E1-B850C9BDC27B}.lib_acl_mysql_release|Win32.Build.0 = lib_acl_mysql_release|Win32
		{B40213C2-507C-4C7F-A6E1-B850C9BDC27B}.lib_protocol_dll_debug|Win32.ActiveCfg = lib_acl_dll_debug|Win32
		{B40213C2-507C-4C7F-A6E1-B850C9BDC27B}.lib_protocol_dll_debug|Win32.Build.0 = lib_acl_dll_debug|Win32
		{B40213C2-507C-4C7F-A6E1-B850C9BDC27B}.lib_protocol_dll_release|Win32.ActiveCfg = lib_acl_dll_debug|Win32
		{B40213C2-507C-4C7F-A6E1-B850C9BDC27B}.lib_protocol_dll_release|Win32.Build.0 = lib_acl_dll_debug|Win32
		{B40213C2-507C-4C7F-A6E1-B850C9BDC27B}.Release|Win32.ActiveCfg = Release|Win32
		{B40213C2-507C-4C7F-A6E1-B850C9BDC27B}.Release|Win32.Build.0 = Release|Win32
		{FE724EF7-3763-4E78-BDF5-BCBC075719FD}.Debug|Win32.ActiveCfg = Debug|Win32
		{FE724EF7-3763-4E78-BDF5-BCBC075719FD}.Debug|Win32.Build.0 = Debug|Win32
		{FE724EF7-3763-4E78-BDF5-BCBC075719FD}.lib_acl_dll_debug|Win32.ActiveCfg = lib_protocol_dll_debug|Win32
		{FE724EF7-3763-4E78-BDF5-BCBC075719FD}.lib_acl_dll_debug|Win32.Build.0 = lib_protocol_dll_debug|Win32
		{FE724EF7-3763-4E78-BDF5-BCBC075719FD}.lib_acl_dll_release|Win32.ActiveCfg = lib_protocol_dll_debug|Win32
		{FE724EF7-3763-4E78-BDF5-BCBC075719FD}.lib_acl_dll_release|Win32.Build.0 = lib_protocol_dll_debug|Win32
		{FE724EF7-3763-4E78-BDF5-BCBC075719FD}.lib_acl_mysql_debug|Win32.ActiveCfg = lib_protocol_dll_debug|Win32
		{FE724EF7-3763-4E78-BDF5-BCBC075719FD}.lib_acl_mysql_debug|Win32.Build.0 = lib_protocol_dll_debug|Win32
		{FE724EF7-3763-4E78-BDF5-BCBC075719FD}.lib_acl_mysql_release|Win32.ActiveCfg = lib_protocol_dll_debug|Win32
		{FE724EF7-3763-4E78-BDF5-BCBC075719FD}.lib_acl_mysql_release|Win32.Build.0 = lib_protocol_dll_debug|Win32
		{FE724EF7-3763-4E78-BDF5-BCBC075719FD}.lib_protocol_dll_debug|Win32.ActiveCfg = lib_protocol_dll_debug|Win32
		{FE724EF7-3763-4E78-BDF5-BCBC075719FD}.lib_protocol_dll_debug|Win32.Build.0 = lib_protocol_dll_debug|Win32
		{FE724EF7-3763-4E78-BDF5-BCBC075719FD}.lib_protocol_dll_release|Win32.ActiveCfg = lib_protocol_dll_release|Win32
		{FE724EF7-3763-4E78-BDF5-BCBC075719FD}.lib_protocol_dll_release|Win32.Build.0 = lib_protocol_dll_release|Win32
		{FE724EF7-3763-4E78-BDF5-BCBC075719FD}.Release|Win32.ActiveCfg = Release|Win32
		{FE724EF7-3763-4E78-BDF5-BCBC075719FD}.Release|Win32.Build.0 = Release|Win32
		{143D67EE-85E1-4456-AD99-6FDE7B1F1469}.Debug|Win32.ActiveCfg = Debug|Win32
		{143D67EE-85E1-4456-AD99-6FDE7B1F1469}.Debug|Win32.Build.0 = Debug|Win32
		{143D67EE-85E1-4456-AD99-6FDE7B1F1469}.lib_acl_dll_debug|Win32.ActiveCfg = Release|Win32
		{143D67EE-85E1-4456-AD99-6FDE7B1F1469}.lib_acl_dll_debug|Win32.Build.0 = Release|Win32
		{143D67EE-85E1-4456-AD99-6FDE7B1F1469}.lib_acl_dll_release|Win32.ActiveCfg = Release|Win32
		{143D67EE-85E1-4456-AD99-6FDE7B1F1469}.lib_acl_dll_release|Win32.Build.0 = Release|Win32
		{143D67EE-85E1-4456-AD99-6FDE7B1F1469}.lib_acl_mysql_debug|Win32.ActiveCfg = Release|Win32
		{143D67EE-85E1-4456-AD99-6FDE7B1F1469}.lib_acl_mysql_debug|Win32.Build.0 = Release|Win32
		{143D67EE-85E1-4456-AD99-6FDE7B1F1469}.lib_acl_mysql_release|Win32.ActiveCfg = Release|Win32
		{143D67EE-85E1-4456-AD99-6FDE7B1F1469}.lib_acl_mysql_release|Win32.Build.0 = Release|Win32
		{143D67EE-85E1-4456-AD99-6FDE7B1F1469}.lib_protocol_dll_debug|Win32.ActiveCfg = Release|Win32
		{143D67EE-85E1-4456-AD99-6FDE7B1F1469}.lib_protocol_dll_debug|Win32.Build.0 = Release|Win32
		{143D67EE-85E1-4456-AD99-6FDE7B1F1469}.lib_protocol_dll_release|Win32.ActiveCfg = Release|Win32
		{143D67EE-85E1-4456-AD99-6FDE7B1F1469}.lib_protocol_dll_release|Win32.Build.0 = Release|Win32
		{143D67EE-85E1-4456-AD99-6FDE7B1F1469}.Release|Win32.ActiveCfg = Release|Win32
		{143D67EE-85E1-4456-AD99-6FDE7B1F1469}.Release|Win32.Build.0 = Release|Win32
	EndGlobalSection
	GlobalSection(SolutionProperties) = preSolution
		HideSolutionNode = FALSE
	EndGlobalSection
EndGlobal
